
Microsoft Visual Studio Solution File, Format Version 12.00
# Visual Studio Version 17
VisualStudioVersion = 17.9.34728.123
MinimumVisualStudioVersion = 10.0.40219.1
Project("{9A19103F-16F7-4668-BE54-9A1E7A4F7556}") = "ExampleGame", "ExampleGame\ExampleGame.csproj", "{83B40DC5-AC9B-4B88-8123-519E4BC668B9}"
EndProject
Project("{9A19103F-16F7-4668-BE54-9A1E7A4F7556}") = "Editor", "Editor\Editor.csproj", "{CCFF164C-5BE3-4704-9E78-1AB2F819BECF}"
EndProject
Project("{9A19103F-16F7-4668-BE54-9A1E7A4F7556}") = "ExampleDesktop", "ExampleDesktop\ExampleDesktop.csproj", "{A216BAE3-EC3A-409F-9919-4E38346DA6C7}"
EndProject
Project("{9A19103F-16F7-4668-BE54-9A1E7A4F7556}") = "ExampleAndroid", "ExampleAndroid\ExampleAndroid.csproj", "{3B983004-C415-4D5A-BF14-FAB7D248248F}"
EndProject
Project("{9A19103F-16F7-4668-BE54-9A1E7A4F7556}") = "DualBlade.2D.Rendering", "DualBlade.2D.Rendering\DualBlade.2D.Rendering.csproj", "{7FF888A0-6BB2-44D1-9C5A-001CAB78BE4B}"
EndProject
Project("{9A19103F-16F7-4668-BE54-9A1E7A4F7556}") = "DualBlade.Core", "DualBlade.Core\DualBlade.Core.csproj", "{51B2E76A-29B3-4059-99E0-24E7EFF12DFA}"
EndProject
Project("{9A19103F-16F7-4668-BE54-9A1E7A4F7556}") = "DualBlade.2D.Physics", "DualBlade.2D.Physics\DualBlade.2D.Physics.csproj", "{F6BD2A57-0474-4BF9-8FB9-B84FD12DFE6D}"
EndProject
Project("{9A19103F-16F7-4668-BE54-9A1E7A4F7556}") = "DualBlade.GumUi", "DualBlade.GumUi\DualBlade.GumUi.csproj", "{FF612DC5-C32F-4204-B6EB-30284130DD43}"
EndProject
Project("{9A19103F-16F7-4668-BE54-9A1E7A4F7556}") = "DualBlade.Core.Tests", "DualBlade.Core.Tests\DualBlade.Core.Tests.csproj", "{FB4FD6C6-B2A5-4802-9339-001015D372A9}"
EndProject
Project("{9A19103F-16F7-4668-BE54-9A1E7A4F7556}") = "DualBlade.2D.Rendering.Tests", "DualBlade.2D.Rendering.Tests\DualBlade.2D.Rendering.Tests.csproj", "{310BA9DC-340F-49EC-86AC-E0BAF109B74D}"
EndProject
Project("{2150E333-8FDC-42A3-9474-1A3956D46DE8}") = "Tests", "Tests", "{1D54EDA0-135D-492F-94E2-DFFEF281FD9E}"
EndProject
Project("{9A19103F-16F7-4668-BE54-9A1E7A4F7556}") = "DualBlade.Analyzer", "DualBlade.Analyzer\DualBlade.Analyzer.csproj", "{84081F8B-5F7D-4977-BA6E-F020D49D25B0}"
EndProject
Project("{2150E333-8FDC-42A3-9474-1A3956D46DE8}") = "Engine", "Engine", "{CD3FFB21-3624-4207-A3CA-AE4F8FE81AD3}"
EndProject
Project("{2150E333-8FDC-42A3-9474-1A3956D46DE8}") = "Examples", "Examples", "{B09D6F6C-8EE4-492A-8042-414AA634696D}"
EndProject
Project("{9A19103F-16F7-4668-BE54-9A1E7A4F7556}") = "DualBlade.Analyzer.Tests", "DualBlade.Analyzer.Tests\DualBlade.Analyzer.Tests.csproj", "{6D649A3E-E4C3-4F49-A5EE-67A06218890D}"
EndProject
Global
	GlobalSection(SolutionConfigurationPlatforms) = preSolution
		Debug|Any CPU = Debug|Any CPU
		Release|Any CPU = Release|Any CPU
	EndGlobalSection
	GlobalSection(ProjectConfigurationPlatforms) = postSolution
		{83B40DC5-AC9B-4B88-8123-519E4BC668B9}.Debug|Any CPU.ActiveCfg = Debug|Any CPU
		{83B40DC5-AC9B-4B88-8123-519E4BC668B9}.Debug|Any CPU.Build.0 = Debug|Any CPU
		{83B40DC5-AC9B-4B88-8123-519E4BC668B9}.Release|Any CPU.ActiveCfg = Release|Any CPU
		{83B40DC5-AC9B-4B88-8123-519E4BC668B9}.Release|Any CPU.Build.0 = Release|Any CPU
		{CCFF164C-5BE3-4704-9E78-1AB2F819BECF}.Debug|Any CPU.ActiveCfg = Debug|Any CPU
		{CCFF164C-5BE3-4704-9E78-1AB2F819BECF}.Debug|Any CPU.Build.0 = Debug|Any CPU
		{CCFF164C-5BE3-4704-9E78-1AB2F819BECF}.Release|Any CPU.ActiveCfg = Release|Any CPU
		{CCFF164C-5BE3-4704-9E78-1AB2F819BECF}.Release|Any CPU.Build.0 = Release|Any CPU
		{A216BAE3-EC3A-409F-9919-4E38346DA6C7}.Debug|Any CPU.ActiveCfg = Debug|Any CPU
		{A216BAE3-EC3A-409F-9919-4E38346DA6C7}.Debug|Any CPU.Build.0 = Debug|Any CPU
		{A216BAE3-EC3A-409F-9919-4E38346DA6C7}.Release|Any CPU.ActiveCfg = Release|Any CPU
		{A216BAE3-EC3A-409F-9919-4E38346DA6C7}.Release|Any CPU.Build.0 = Release|Any CPU
		{3B983004-C415-4D5A-BF14-FAB7D248248F}.Debug|Any CPU.ActiveCfg = Debug|Any CPU
		{3B983004-C415-4D5A-BF14-FAB7D248248F}.Debug|Any CPU.Build.0 = Debug|Any CPU
		{3B983004-C415-4D5A-BF14-FAB7D248248F}.Debug|Any CPU.Deploy.0 = Debug|Any CPU
		{3B983004-C415-4D5A-BF14-FAB7D248248F}.Release|Any CPU.ActiveCfg = Release|Any CPU
		{3B983004-C415-4D5A-BF14-FAB7D248248F}.Release|Any CPU.Build.0 = Release|Any CPU
		{7FF888A0-6BB2-44D1-9C5A-001CAB78BE4B}.Debug|Any CPU.ActiveCfg = Debug|Any CPU
		{7FF888A0-6BB2-44D1-9C5A-001CAB78BE4B}.Debug|Any CPU.Build.0 = Debug|Any CPU
		{7FF888A0-6BB2-44D1-9C5A-001CAB78BE4B}.Release|Any CPU.ActiveCfg = Release|Any CPU
		{7FF888A0-6BB2-44D1-9C5A-001CAB78BE4B}.Release|Any CPU.Build.0 = Release|Any CPU
		{51B2E76A-29B3-4059-99E0-24E7EFF12DFA}.Debug|Any CPU.ActiveCfg = Debug|Any CPU
		{51B2E76A-29B3-4059-99E0-24E7EFF12DFA}.Debug|Any CPU.Build.0 = Debug|Any CPU
		{51B2E76A-29B3-4059-99E0-24E7EFF12DFA}.Release|Any CPU.ActiveCfg = Release|Any CPU
		{51B2E76A-29B3-4059-99E0-24E7EFF12DFA}.Release|Any CPU.Build.0 = Release|Any CPU
		{F6BD2A57-0474-4BF9-8FB9-B84FD12DFE6D}.Debug|Any CPU.ActiveCfg = Debug|Any CPU
		{F6BD2A57-0474-4BF9-8FB9-B84FD12DFE6D}.Debug|Any CPU.Build.0 = Debug|Any CPU
		{F6BD2A57-0474-4BF9-8FB9-B84FD12DFE6D}.Release|Any CPU.ActiveCfg = Release|Any CPU
		{F6BD2A57-0474-4BF9-8FB9-B84FD12DFE6D}.Release|Any CPU.Build.0 = Release|Any CPU
		{FF612DC5-C32F-4204-B6EB-30284130DD43}.Debug|Any CPU.ActiveCfg = Debug|Any CPU
		{FF612DC5-C32F-4204-B6EB-30284130DD43}.Debug|Any CPU.Build.0 = Debug|Any CPU
		{FF612DC5-C32F-4204-B6EB-30284130DD43}.Release|Any CPU.ActiveCfg = Release|Any CPU
		{FF612DC5-C32F-4204-B6EB-30284130DD43}.Release|Any CPU.Build.0 = Release|Any CPU
		{FB4FD6C6-B2A5-4802-9339-001015D372A9}.Debug|Any CPU.ActiveCfg = Debug|Any CPU
		{FB4FD6C6-B2A5-4802-9339-001015D372A9}.Debug|Any CPU.Build.0 = Debug|Any CPU
		{FB4FD6C6-B2A5-4802-9339-001015D372A9}.Release|Any CPU.ActiveCfg = Release|Any CPU
		{FB4FD6C6-B2A5-4802-9339-001015D372A9}.Release|Any CPU.Build.0 = Release|Any CPU
		{310BA9DC-340F-49EC-86AC-E0BAF109B74D}.Debug|Any CPU.ActiveCfg = Debug|Any CPU
		{310BA9DC-340F-49EC-86AC-E0BAF109B74D}.Debug|Any CPU.Build.0 = Debug|Any CPU
		{310BA9DC-340F-49EC-86AC-E0BAF109B74D}.Release|Any CPU.ActiveCfg = Release|Any CPU
		{310BA9DC-340F-49EC-86AC-E0BAF109B74D}.Release|Any CPU.Build.0 = Release|Any CPU
		{84081F8B-5F7D-4977-BA6E-F020D49D25B0}.Debug|Any CPU.ActiveCfg = Debug|Any CPU
		{84081F8B-5F7D-4977-BA6E-F020D49D25B0}.Debug|Any CPU.Build.0 = Debug|Any CPU
		{84081F8B-5F7D-4977-BA6E-F020D49D25B0}.Release|Any CPU.ActiveCfg = Release|Any CPU
		{84081F8B-5F7D-4977-BA6E-F020D49D25B0}.Release|Any CPU.Build.0 = Release|Any CPU
		{6D649A3E-E4C3-4F49-A5EE-67A06218890D}.Debug|Any CPU.ActiveCfg = Debug|Any CPU
		{6D649A3E-E4C3-4F49-A5EE-67A06218890D}.Debug|Any CPU.Build.0 = Debug|Any CPU
		{6D649A3E-E4C3-4F49-A5EE-67A06218890D}.Release|Any CPU.ActiveCfg = Release|Any CPU
		{6D649A3E-E4C3-4F49-A5EE-67A06218890D}.Release|Any CPU.Build.0 = Release|Any CPU
	EndGlobalSection
	GlobalSection(SolutionProperties) = preSolution
		HideSolutionNode = FALSE
	EndGlobalSection
	GlobalSection(NestedProjects) = preSolution
		{83B40DC5-AC9B-4B88-8123-519E4BC668B9} = {B09D6F6C-8EE4-492A-8042-414AA634696D}
		{A216BAE3-EC3A-409F-9919-4E38346DA6C7} = {B09D6F6C-8EE4-492A-8042-414AA634696D}
		{3B983004-C415-4D5A-BF14-FAB7D248248F} = {B09D6F6C-8EE4-492A-8042-414AA634696D}
		{7FF888A0-6BB2-44D1-9C5A-001CAB78BE4B} = {CD3FFB21-3624-4207-A3CA-AE4F8FE81AD3}
		{51B2E76A-29B3-4059-99E0-24E7EFF12DFA} = {CD3FFB21-3624-4207-A3CA-AE4F8FE81AD3}
		{F6BD2A57-0474-4BF9-8FB9-B84FD12DFE6D} = {CD3FFB21-3624-4207-A3CA-AE4F8FE81AD3}
		{FF612DC5-C32F-4204-B6EB-30284130DD43} = {CD3FFB21-3624-4207-A3CA-AE4F8FE81AD3}
		{FB4FD6C6-B2A5-4802-9339-001015D372A9} = {1D54EDA0-135D-492F-94E2-DFFEF281FD9E}
		{310BA9DC-340F-49EC-86AC-E0BAF109B74D} = {1D54EDA0-135D-492F-94E2-DFFEF281FD9E}
		{84081F8B-5F7D-4977-BA6E-F020D49D25B0} = {CD3FFB21-3624-4207-A3CA-AE4F8FE81AD3}
		{6D649A3E-E4C3-4F49-A5EE-67A06218890D} = {1D54EDA0-135D-492F-94E2-DFFEF281FD9E}
	EndGlobalSection
	GlobalSection(ExtensibilityGlobals) = postSolution
		SolutionGuid = {6C4B5F4E-B197-493D-B69D-6079DCA995B7}
	EndGlobalSection
EndGlobal
