
Microsoft Visual Studio Solution File, Format Version 12.00
# Visual Studio Version 17
VisualStudioVersion = 17.9.34728.123
MinimumVisualStudioVersion = 10.0.40219.1
Project("{9A19103F-16F7-4668-BE54-9A1E7A4F7556}") = "TestMonoGamesProject", "TestMonoGamesProject\TestMonoGamesProject.csproj", "{11C6FE16-8CA1-411B-B269-8EA16E307DEF}"
EndProject
Project("{FAE04EC0-301F-11D3-BF4B-00C04F79EFBC}") = "ExampleGame", "ExampleGame\ExampleGame.csproj", "{83B40DC5-AC9B-4B88-8123-519E4BC668B9}"
EndProject
Global
	GlobalSection(SolutionConfigurationPlatforms) = preSolution
		Debug|Any CPU = Debug|Any CPU
		Release|Any CPU = Release|Any CPU
	EndGlobalSection
	GlobalSection(ProjectConfigurationPlatforms) = postSolution
		{11C6FE16-8CA1-411B-B269-8EA16E307DEF}.Debug|Any CPU.ActiveCfg = Debug|Any CPU
		{11C6FE16-8CA1-411B-B269-8EA16E307DEF}.Debug|Any CPU.Build.0 = Debug|Any CPU
		{11C6FE16-8CA1-411B-B269-8EA16E307DEF}.Release|Any CPU.ActiveCfg = Release|Any CPU
		{11C6FE16-8CA1-411B-B269-8EA16E307DEF}.Release|Any CPU.Build.0 = Release|Any CPU
		{83B40DC5-AC9B-4B88-8123-519E4BC668B9}.Debug|Any CPU.ActiveCfg = Debug|Any CPU
		{83B40DC5-AC9B-4B88-8123-519E4BC668B9}.Debug|Any CPU.Build.0 = Debug|Any CPU
		{83B40DC5-AC9B-4B88-8123-519E4BC668B9}.Release|Any CPU.ActiveCfg = Release|Any CPU
		{83B40DC5-AC9B-4B88-8123-519E4BC668B9}.Release|Any CPU.Build.0 = Release|Any CPU
	EndGlobalSection
	GlobalSection(SolutionProperties) = preSolution
		HideSolutionNode = FALSE
	EndGlobalSection
	GlobalSection(ExtensibilityGlobals) = postSolution
		SolutionGuid = {6C4B5F4E-B197-493D-B69D-6079DCA995B7}
	EndGlobalSection
EndGlobal
