
Microsoft Visual Studio Solution File, Format Version 12.00
# Visual Studio Version 17
VisualStudioVersion = 17.9.34728.123
MinimumVisualStudioVersion = 10.0.40219.1
Project("{2150E333-8FDC-42A3-9474-1A3956D46DE8}") = "Engine", "Engine", "{CD3FFB21-3624-4207-A3CA-AE4F8FE81AD3}"
EndProject
Project("{2150E333-8FDC-42A3-9474-1A3956D46DE8}") = "Examples", "Examples", "{B09D6F6C-8EE4-492A-8042-414AA634696D}"
EndProject
Project("{2150E333-8FDC-42A3-9474-1A3956D46DE8}") = "Tests", "Tests", "{E041BF8A-FBC4-4BFD-85C6-5A96C480495A}"
EndProject
Project("{9A19103F-16F7-4668-BE54-9A1E7A4F7556}") = "DualBlade.2D.Physics", "Engine\DualBlade.2D.Physics\DualBlade.2D.Physics.csproj", "{CFB89B70-E4FC-49FB-8905-0E71FB2FB047}"
EndProject
Project("{9A19103F-16F7-4668-BE54-9A1E7A4F7556}") = "DualBlade.2D.Rendering", "Engine\DualBlade.2D.Rendering\DualBlade.2D.Rendering.csproj", "{9CCEEB9D-288F-4844-AF89-B61F51D64700}"
EndProject
Project("{9A19103F-16F7-4668-BE54-9A1E7A4F7556}") = "DualBlade.Analyzer", "Engine\DualBlade.Analyzer\DualBlade.Analyzer.csproj", "{4BA1B310-F7BD-4A87-AE73-0DC789C9E503}"
EndProject
Project("{9A19103F-16F7-4668-BE54-9A1E7A4F7556}") = "DualBlade.Core", "Engine\DualBlade.Core\DualBlade.Core.csproj", "{344FD6E5-D95C-4BCD-92C9-03E08FFF5D64}"
EndProject
Project("{9A19103F-16F7-4668-BE54-9A1E7A4F7556}") = "DualBlade.GumUi", "Engine\DualBlade.GumUi\DualBlade.GumUi.csproj", "{35606C3F-1A57-4F4A-ABEE-638AEED23DBB}"
EndProject
Project("{9A19103F-16F7-4668-BE54-9A1E7A4F7556}") = "DualBlade.2D.Rendering.Tests", "Engine\DualBlade.2D.Rendering.Tests\DualBlade.2D.Rendering.Tests.csproj", "{5F1375A0-82E0-4A00-A163-A17E93EFE26B}"
EndProject
Project("{9A19103F-16F7-4668-BE54-9A1E7A4F7556}") = "DualBlade.Analyzer.Tests", "Engine\DualBlade.Analyzer.Tests\DualBlade.Analyzer.Tests.csproj", "{4F947AD0-8085-495E-A9AC-86679F8F747C}"
EndProject
Project("{9A19103F-16F7-4668-BE54-9A1E7A4F7556}") = "DualBlade.Core.Tests", "Engine\DualBlade.Core.Tests\DualBlade.Core.Tests.csproj", "{354AF201-94DF-4B29-81E4-D0CC0F0E8C74}"
EndProject
Project("{9A19103F-16F7-4668-BE54-9A1E7A4F7556}") = "ExampleAndroid", "Examples\ExampleAndroid\ExampleAndroid.csproj", "{C1EC8A4F-ADF0-4162-BEC7-B4222494CC19}"
EndProject
Project("{9A19103F-16F7-4668-BE54-9A1E7A4F7556}") = "ExampleDesktop", "Examples\ExampleDesktop\ExampleDesktop.csproj", "{1646F319-0CAD-4876-B373-36EBC511EE65}"
EndProject
Project("{9A19103F-16F7-4668-BE54-9A1E7A4F7556}") = "ExampleGame", "Examples\ExampleGame\ExampleGame.csproj", "{4D474ADB-0A7C-4330-8756-DC6465A19D03}"
EndProject
Project("{2150E333-8FDC-42A3-9474-1A3956D46DE8}") = "NewFolder1", "NewFolder1", "{956EE22A-8968-4EC5-89DD-3A4BD059A957}"
EndProject
Project("{9A19103F-16F7-4668-BE54-9A1E7A4F7556}") = "DualBlade.Editor.Player", "DualBlade.Editor.Player\DualBlade.Editor.Player.csproj", "{D0216296-E24E-4EAD-A545-2C04DE5ADA05}"
EndProject
Project("{9A19103F-16F7-4668-BE54-9A1E7A4F7556}") = "DualBlade.MyraUi", "Engine\DualBlade.MyraUi\DualBlade.MyraUi.csproj", "{7600F7DF-9F96-4BEE-8BD8-16C93E744E7A}"
EndProject
Project("{9A19103F-16F7-4668-BE54-9A1E7A4F7556}") = "PerformanceTest", "PerformanceTest\PerformanceTest.csproj", "{985A631E-2ADC-41CE-9866-36F8A18C24C1}"
EndProject
Project("{FAE04EC0-301F-11D3-BF4B-00C04F79EFBC}") = "FluidBattle", "Examples\FluidBattle\FluidBattle.csproj", "{0904E91A-BF54-4683-BB6D-CA082175254D}"
EndProject
Project("{FAE04EC0-301F-11D3-BF4B-00C04F79EFBC}") = "FluidBattle.Desktop", "Examples\FluidBattle.Desktop\FluidBattle.Desktop.csproj", "{6AD6262C-CC0A-4AF0-809A-2647A70A6076}"
EndProject
Global
	GlobalSection(SolutionConfigurationPlatforms) = preSolution
		Debug|Any CPU = Debug|Any CPU
		Release|Any CPU = Release|Any CPU
	EndGlobalSection
	GlobalSection(ProjectConfigurationPlatforms) = postSolution
		{CFB89B70-E4FC-49FB-8905-0E71FB2FB047}.Debug|Any CPU.ActiveCfg = Debug|Any CPU
		{CFB89B70-E4FC-49FB-8905-0E71FB2FB047}.Debug|Any CPU.Build.0 = Debug|Any CPU
		{CFB89B70-E4FC-49FB-8905-0E71FB2FB047}.Release|Any CPU.ActiveCfg = Release|Any CPU
		{CFB89B70-E4FC-49FB-8905-0E71FB2FB047}.Release|Any CPU.Build.0 = Release|Any CPU
		{9CCEEB9D-288F-4844-AF89-B61F51D64700}.Debug|Any CPU.ActiveCfg = Debug|Any CPU
		{9CCEEB9D-288F-4844-AF89-B61F51D64700}.Debug|Any CPU.Build.0 = Debug|Any CPU
		{9CCEEB9D-288F-4844-AF89-B61F51D64700}.Release|Any CPU.ActiveCfg = Release|Any CPU
		{9CCEEB9D-288F-4844-AF89-B61F51D64700}.Release|Any CPU.Build.0 = Release|Any CPU
		{4BA1B310-F7BD-4A87-AE73-0DC789C9E503}.Debug|Any CPU.ActiveCfg = Debug|Any CPU
		{4BA1B310-F7BD-4A87-AE73-0DC789C9E503}.Debug|Any CPU.Build.0 = Debug|Any CPU
		{4BA1B310-F7BD-4A87-AE73-0DC789C9E503}.Release|Any CPU.ActiveCfg = Release|Any CPU
		{4BA1B310-F7BD-4A87-AE73-0DC789C9E503}.Release|Any CPU.Build.0 = Release|Any CPU
		{344FD6E5-D95C-4BCD-92C9-03E08FFF5D64}.Debug|Any CPU.ActiveCfg = Debug|Any CPU
		{344FD6E5-D95C-4BCD-92C9-03E08FFF5D64}.Debug|Any CPU.Build.0 = Debug|Any CPU
		{344FD6E5-D95C-4BCD-92C9-03E08FFF5D64}.Release|Any CPU.ActiveCfg = Release|Any CPU
		{344FD6E5-D95C-4BCD-92C9-03E08FFF5D64}.Release|Any CPU.Build.0 = Release|Any CPU
		{35606C3F-1A57-4F4A-ABEE-638AEED23DBB}.Debug|Any CPU.ActiveCfg = Debug|Any CPU
		{35606C3F-1A57-4F4A-ABEE-638AEED23DBB}.Debug|Any CPU.Build.0 = Debug|Any CPU
		{35606C3F-1A57-4F4A-ABEE-638AEED23DBB}.Release|Any CPU.ActiveCfg = Release|Any CPU
		{35606C3F-1A57-4F4A-ABEE-638AEED23DBB}.Release|Any CPU.Build.0 = Release|Any CPU
		{5F1375A0-82E0-4A00-A163-A17E93EFE26B}.Debug|Any CPU.ActiveCfg = Debug|Any CPU
		{5F1375A0-82E0-4A00-A163-A17E93EFE26B}.Debug|Any CPU.Build.0 = Debug|Any CPU
		{5F1375A0-82E0-4A00-A163-A17E93EFE26B}.Release|Any CPU.ActiveCfg = Release|Any CPU
		{5F1375A0-82E0-4A00-A163-A17E93EFE26B}.Release|Any CPU.Build.0 = Release|Any CPU
		{4F947AD0-8085-495E-A9AC-86679F8F747C}.Debug|Any CPU.ActiveCfg = Debug|Any CPU
		{4F947AD0-8085-495E-A9AC-86679F8F747C}.Debug|Any CPU.Build.0 = Debug|Any CPU
		{4F947AD0-8085-495E-A9AC-86679F8F747C}.Release|Any CPU.ActiveCfg = Release|Any CPU
		{4F947AD0-8085-495E-A9AC-86679F8F747C}.Release|Any CPU.Build.0 = Release|Any CPU
		{354AF201-94DF-4B29-81E4-D0CC0F0E8C74}.Debug|Any CPU.ActiveCfg = Debug|Any CPU
		{354AF201-94DF-4B29-81E4-D0CC0F0E8C74}.Debug|Any CPU.Build.0 = Debug|Any CPU
		{354AF201-94DF-4B29-81E4-D0CC0F0E8C74}.Release|Any CPU.ActiveCfg = Release|Any CPU
		{354AF201-94DF-4B29-81E4-D0CC0F0E8C74}.Release|Any CPU.Build.0 = Release|Any CPU
		{C1EC8A4F-ADF0-4162-BEC7-B4222494CC19}.Debug|Any CPU.ActiveCfg = Debug|Any CPU
		{C1EC8A4F-ADF0-4162-BEC7-B4222494CC19}.Debug|Any CPU.Build.0 = Debug|Any CPU
		{C1EC8A4F-ADF0-4162-BEC7-B4222494CC19}.Debug|Any CPU.Deploy.0 = Debug|Any CPU
		{C1EC8A4F-ADF0-4162-BEC7-B4222494CC19}.Release|Any CPU.ActiveCfg = Release|Any CPU
		{C1EC8A4F-ADF0-4162-BEC7-B4222494CC19}.Release|Any CPU.Build.0 = Release|Any CPU
		{C1EC8A4F-ADF0-4162-BEC7-B4222494CC19}.Release|Any CPU.Deploy.0 = Release|Any CPU
		{1646F319-0CAD-4876-B373-36EBC511EE65}.Debug|Any CPU.ActiveCfg = Debug|Any CPU
		{1646F319-0CAD-4876-B373-36EBC511EE65}.Debug|Any CPU.Build.0 = Debug|Any CPU
		{1646F319-0CAD-4876-B373-36EBC511EE65}.Release|Any CPU.ActiveCfg = Release|Any CPU
		{1646F319-0CAD-4876-B373-36EBC511EE65}.Release|Any CPU.Build.0 = Release|Any CPU
		{4D474ADB-0A7C-4330-8756-DC6465A19D03}.Debug|Any CPU.ActiveCfg = Debug|Any CPU
		{4D474ADB-0A7C-4330-8756-DC6465A19D03}.Debug|Any CPU.Build.0 = Debug|Any CPU
		{4D474ADB-0A7C-4330-8756-DC6465A19D03}.Release|Any CPU.ActiveCfg = Release|Any CPU
		{4D474ADB-0A7C-4330-8756-DC6465A19D03}.Release|Any CPU.Build.0 = Release|Any CPU
		{D0216296-E24E-4EAD-A545-2C04DE5ADA05}.Debug|Any CPU.ActiveCfg = Debug|Any CPU
		{D0216296-E24E-4EAD-A545-2C04DE5ADA05}.Debug|Any CPU.Build.0 = Debug|Any CPU
		{D0216296-E24E-4EAD-A545-2C04DE5ADA05}.Release|Any CPU.ActiveCfg = Release|Any CPU
		{D0216296-E24E-4EAD-A545-2C04DE5ADA05}.Release|Any CPU.Build.0 = Release|Any CPU
		{7600F7DF-9F96-4BEE-8BD8-16C93E744E7A}.Debug|Any CPU.ActiveCfg = Debug|Any CPU
		{7600F7DF-9F96-4BEE-8BD8-16C93E744E7A}.Debug|Any CPU.Build.0 = Debug|Any CPU
		{7600F7DF-9F96-4BEE-8BD8-16C93E744E7A}.Release|Any CPU.ActiveCfg = Release|Any CPU
		{7600F7DF-9F96-4BEE-8BD8-16C93E744E7A}.Release|Any CPU.Build.0 = Release|Any CPU
		{985A631E-2ADC-41CE-9866-36F8A18C24C1}.Debug|Any CPU.ActiveCfg = Debug|Any CPU
		{985A631E-2ADC-41CE-9866-36F8A18C24C1}.Debug|Any CPU.Build.0 = Debug|Any CPU
		{985A631E-2ADC-41CE-9866-36F8A18C24C1}.Release|Any CPU.ActiveCfg = Release|Any CPU
		{985A631E-2ADC-41CE-9866-36F8A18C24C1}.Release|Any CPU.Build.0 = Release|Any CPU
		{0904E91A-BF54-4683-BB6D-CA082175254D}.Debug|Any CPU.ActiveCfg = Debug|Any CPU
		{0904E91A-BF54-4683-BB6D-CA082175254D}.Debug|Any CPU.Build.0 = Debug|Any CPU
		{0904E91A-BF54-4683-BB6D-CA082175254D}.Release|Any CPU.ActiveCfg = Release|Any CPU
		{0904E91A-BF54-4683-BB6D-CA082175254D}.Release|Any CPU.Build.0 = Release|Any CPU
		{6AD6262C-CC0A-4AF0-809A-2647A70A6076}.Debug|Any CPU.ActiveCfg = Debug|Any CPU
		{6AD6262C-CC0A-4AF0-809A-2647A70A6076}.Debug|Any CPU.Build.0 = Debug|Any CPU
		{6AD6262C-CC0A-4AF0-809A-2647A70A6076}.Release|Any CPU.ActiveCfg = Release|Any CPU
		{6AD6262C-CC0A-4AF0-809A-2647A70A6076}.Release|Any CPU.Build.0 = Release|Any CPU
	EndGlobalSection
	GlobalSection(SolutionProperties) = preSolution
		HideSolutionNode = FALSE
	EndGlobalSection
	GlobalSection(NestedProjects) = preSolution
		{E041BF8A-FBC4-4BFD-85C6-5A96C480495A} = {CD3FFB21-3624-4207-A3CA-AE4F8FE81AD3}
		{CFB89B70-E4FC-49FB-8905-0E71FB2FB047} = {CD3FFB21-3624-4207-A3CA-AE4F8FE81AD3}
		{9CCEEB9D-288F-4844-AF89-B61F51D64700} = {CD3FFB21-3624-4207-A3CA-AE4F8FE81AD3}
		{4BA1B310-F7BD-4A87-AE73-0DC789C9E503} = {CD3FFB21-3624-4207-A3CA-AE4F8FE81AD3}
		{344FD6E5-D95C-4BCD-92C9-03E08FFF5D64} = {CD3FFB21-3624-4207-A3CA-AE4F8FE81AD3}
		{35606C3F-1A57-4F4A-ABEE-638AEED23DBB} = {CD3FFB21-3624-4207-A3CA-AE4F8FE81AD3}
		{5F1375A0-82E0-4A00-A163-A17E93EFE26B} = {E041BF8A-FBC4-4BFD-85C6-5A96C480495A}
		{4F947AD0-8085-495E-A9AC-86679F8F747C} = {E041BF8A-FBC4-4BFD-85C6-5A96C480495A}
		{354AF201-94DF-4B29-81E4-D0CC0F0E8C74} = {E041BF8A-FBC4-4BFD-85C6-5A96C480495A}
		{C1EC8A4F-ADF0-4162-BEC7-B4222494CC19} = {B09D6F6C-8EE4-492A-8042-414AA634696D}
		{1646F319-0CAD-4876-B373-36EBC511EE65} = {B09D6F6C-8EE4-492A-8042-414AA634696D}
		{4D474ADB-0A7C-4330-8756-DC6465A19D03} = {B09D6F6C-8EE4-492A-8042-414AA634696D}
		{D0216296-E24E-4EAD-A545-2C04DE5ADA05} = {956EE22A-8968-4EC5-89DD-3A4BD059A957}
		{7600F7DF-9F96-4BEE-8BD8-16C93E744E7A} = {CD3FFB21-3624-4207-A3CA-AE4F8FE81AD3}
		{985A631E-2ADC-41CE-9866-36F8A18C24C1} = {B09D6F6C-8EE4-492A-8042-414AA634696D}
		{0904E91A-BF54-4683-BB6D-CA082175254D} = {B09D6F6C-8EE4-492A-8042-414AA634696D}
		{6AD6262C-CC0A-4AF0-809A-2647A70A6076} = {B09D6F6C-8EE4-492A-8042-414AA634696D}
	EndGlobalSection
	GlobalSection(ExtensibilityGlobals) = postSolution
		SolutionGuid = {6C4B5F4E-B197-493D-B69D-6079DCA995B7}
	EndGlobalSection
EndGlobal
