
Microsoft Visual Studio Solution File, Format Version 12.00
# Visual Studio Version 17
VisualStudioVersion = 17.9.34728.123
MinimumVisualStudioVersion = 10.0.40219.1
Project("{2150E333-8FDC-42A3-9474-1A3956D46DE8}") = "Engine", "Engine", "{CD3FFB21-3624-4207-A3CA-AE4F8FE81AD3}"
EndProject
Project("{2150E333-8FDC-42A3-9474-1A3956D46DE8}") = "Examples", "Examples", "{B09D6F6C-8EE4-492A-8042-414AA634696D}"
EndProject
Project("{2150E333-8FDC-42A3-9474-1A3956D46DE8}") = "Tests", "Tests", "{E041BF8A-FBC4-4BFD-85C6-5A96C480495A}"
EndProject
Project("{9A19103F-16F7-4668-BE54-9A1E7A4F7556}") = "DualBlade.2D.AetherPhysics", "Engine\DualBlade.2D.Physics\DualBlade.2D.AetherPhysics.csproj", "{CFB89B70-E4FC-49FB-8905-0E71FB2FB047}"
EndProject
Project("{9A19103F-16F7-4668-BE54-9A1E7A4F7556}") = "DualBlade.2D.Rendering", "Engine\DualBlade.2D.Rendering\DualBlade.2D.Rendering.csproj", "{9CCEEB9D-288F-4844-AF89-B61F51D64700}"
EndProject
Project("{9A19103F-16F7-4668-BE54-9A1E7A4F7556}") = "DualBlade.Analyzer", "Engine\DualBlade.Analyzer\DualBlade.Analyzer.csproj", "{4BA1B310-F7BD-4A87-AE73-0DC789C9E503}"
EndProject
Project("{9A19103F-16F7-4668-BE54-9A1E7A4F7556}") = "DualBlade.Core", "Engine\DualBlade.Core\DualBlade.Core.csproj", "{344FD6E5-D95C-4BCD-92C9-03E08FFF5D64}"
EndProject
Project("{9A19103F-16F7-4668-BE54-9A1E7A4F7556}") = "DualBlade.GumUi", "Engine\DualBlade.GumUi\DualBlade.GumUi.csproj", "{35606C3F-1A57-4F4A-ABEE-638AEED23DBB}"
EndProject
Project("{9A19103F-16F7-4668-BE54-9A1E7A4F7556}") = "DualBlade.2D.Rendering.Tests", "Engine\DualBlade.2D.Rendering.Tests\DualBlade.2D.Rendering.Tests.csproj", "{5F1375A0-82E0-4A00-A163-A17E93EFE26B}"
EndProject
Project("{9A19103F-16F7-4668-BE54-9A1E7A4F7556}") = "DualBlade.Analyzer.Tests", "Engine\DualBlade.Analyzer.Tests\DualBlade.Analyzer.Tests.csproj", "{4F947AD0-8085-495E-A9AC-86679F8F747C}"
EndProject
Project("{9A19103F-16F7-4668-BE54-9A1E7A4F7556}") = "DualBlade.Core.Tests", "Engine\DualBlade.Core.Tests\DualBlade.Core.Tests.csproj", "{354AF201-94DF-4B29-81E4-D0CC0F0E8C74}"
EndProject
Project("{9A19103F-16F7-4668-BE54-9A1E7A4F7556}") = "ExampleAndroid", "Examples\ExampleAndroid\ExampleAndroid.csproj", "{C1EC8A4F-ADF0-4162-BEC7-B4222494CC19}"
EndProject
Project("{9A19103F-16F7-4668-BE54-9A1E7A4F7556}") = "ExampleDesktop", "Examples\ExampleDesktop\ExampleDesktop.csproj", "{1646F319-0CAD-4876-B373-36EBC511EE65}"
EndProject
Project("{9A19103F-16F7-4668-BE54-9A1E7A4F7556}") = "ExampleGame", "Examples\ExampleGame\ExampleGame.csproj", "{4D474ADB-0A7C-4330-8756-DC6465A19D03}"
EndProject
Project("{2150E333-8FDC-42A3-9474-1A3956D46DE8}") = "Editor", "Editor", "{956EE22A-8968-4EC5-89DD-3A4BD059A957}"
EndProject
Project("{9A19103F-16F7-4668-BE54-9A1E7A4F7556}") = "DualBlade.MyraUi", "Engine\DualBlade.MyraUi\DualBlade.MyraUi.csproj", "{7600F7DF-9F96-4BEE-8BD8-16C93E744E7A}"
EndProject
Project("{9A19103F-16F7-4668-BE54-9A1E7A4F7556}") = "FluidBattle", "Examples\FluidBattle\FluidBattle.csproj", "{0904E91A-BF54-4683-BB6D-CA082175254D}"
EndProject
Project("{9A19103F-16F7-4668-BE54-9A1E7A4F7556}") = "FluidBattle.Desktop", "Examples\FluidBattle.Desktop\FluidBattle.Desktop.csproj", "{6AD6262C-CC0A-4AF0-809A-2647A70A6076}"
EndProject
Project("{9A19103F-16F7-4668-BE54-9A1E7A4F7556}") = "DualBlade.2D.BladePhysics", "Engine\DualBlade.2D.BladePhysics\DualBlade.2D.BladePhysics.csproj", "{C5B445BC-A442-4186-B83B-2633787A7444}"
EndProject
Project("{FAE04EC0-301F-11D3-BF4B-00C04F79EFBC}") = "Example.PhysicsTest", "Examples\Example.PhysicsTest\Example.PhysicsTest.csproj", "{B89426C1-7EBA-436A-AD78-DFCF57D294F1}"
EndProject
Project("{FAE04EC0-301F-11D3-BF4B-00C04F79EFBC}") = "DualBlade.2d.BladePhysics.Tests", "Engine\DualBlade.2d.BladePhysics.Tests\DualBlade.2d.BladePhysics.Tests.csproj", "{659437F5-EC9C-4B49-8AD3-A085A653DA03}"
EndProject
Project("{FAE04EC0-301F-11D3-BF4B-00C04F79EFBC}") = "DualBlade.3D.Rendering", "Engine\DualBlade.3D.Rendering\DualBlade.3D.Rendering.csproj", "{425E9E8E-1590-4B32-995F-AC877740D26D}"
EndProject
Project("{FAE04EC0-301F-11D3-BF4B-00C04F79EFBC}") = "Example.ThreeDTest", "Examples\Example.3DTest\Example.ThreeDTest.csproj", "{44D33606-A659-49F8-A3AC-5A087335E2C7}"
EndProject
Project("{FAE04EC0-301F-11D3-BF4B-00C04F79EFBC}") = "PerformanceTest", "Examples\PerformanceTest\PerformanceTest.csproj", "{5215C7A4-9B5F-4D39-8C2B-3DB43630AC99}"
EndProject
Project("{FAE04EC0-301F-11D3-BF4B-00C04F79EFBC}") = "Dualblade.Editor.Ui", "Editor\Dualblade.Editor.Ui\Dualblade.Editor.Ui.csproj", "{95059C78-0ED4-4B2E-8054-BD0F8C0D6831}"
EndProject
Project("{FAE04EC0-301F-11D3-BF4B-00C04F79EFBC}") = "DualBlade.Editor.Player", "Editor\DualBlade.Editor.Player\DualBlade.Editor.Player.csproj", "{A9D9B3F9-500E-4A88-B5F4-48370F054933}"
EndProject
Project("{2150E333-8FDC-42A3-9474-1A3956D46DE8}") = "BulletHell", "BulletHell", "{A4F9558F-054D-AE43-1F33-5DAB47E3F397}"
EndProject
Project("{FAE04EC0-301F-11D3-BF4B-00C04F79EFBC}") = "BulletHell.Desktop", "BulletHell\BulletHell.Desktop\BulletHell.Desktop.csproj", "{FEDDC152-A565-4D93-A2C2-C84F4AD7120E}"
EndProject
Global
	GlobalSection(SolutionConfigurationPlatforms) = preSolution
		Debug|Any CPU = Debug|Any CPU
		Debug|x64 = Debug|x64
		Debug|x86 = Debug|x86
		Release|Any CPU = Release|Any CPU
		Release|x64 = Release|x64
		Release|x86 = Release|x86
	EndGlobalSection
	GlobalSection(ProjectConfigurationPlatforms) = postSolution
		{CFB89B70-E4FC-49FB-8905-0E71FB2FB047}.Debug|Any CPU.ActiveCfg = Debug|Any CPU
		{CFB89B70-E4FC-49FB-8905-0E71FB2FB047}.Debug|Any CPU.Build.0 = Debug|Any CPU
		{CFB89B70-E4FC-49FB-8905-0E71FB2FB047}.Debug|x64.ActiveCfg = Debug|Any CPU
		{CFB89B70-E4FC-49FB-8905-0E71FB2FB047}.Debug|x64.Build.0 = Debug|Any CPU
		{CFB89B70-E4FC-49FB-8905-0E71FB2FB047}.Debug|x86.ActiveCfg = Debug|Any CPU
		{CFB89B70-E4FC-49FB-8905-0E71FB2FB047}.Debug|x86.Build.0 = Debug|Any CPU
		{CFB89B70-E4FC-49FB-8905-0E71FB2FB047}.Release|Any CPU.ActiveCfg = Release|Any CPU
		{CFB89B70-E4FC-49FB-8905-0E71FB2FB047}.Release|Any CPU.Build.0 = Release|Any CPU
		{CFB89B70-E4FC-49FB-8905-0E71FB2FB047}.Release|x64.ActiveCfg = Release|Any CPU
		{CFB89B70-E4FC-49FB-8905-0E71FB2FB047}.Release|x64.Build.0 = Release|Any CPU
		{CFB89B70-E4FC-49FB-8905-0E71FB2FB047}.Release|x86.ActiveCfg = Release|Any CPU
		{CFB89B70-E4FC-49FB-8905-0E71FB2FB047}.Release|x86.Build.0 = Release|Any CPU
		{9CCEEB9D-288F-4844-AF89-B61F51D64700}.Debug|Any CPU.ActiveCfg = Debug|Any CPU
		{9CCEEB9D-288F-4844-AF89-B61F51D64700}.Debug|Any CPU.Build.0 = Debug|Any CPU
		{9CCEEB9D-288F-4844-AF89-B61F51D64700}.Debug|x64.ActiveCfg = Debug|Any CPU
		{9CCEEB9D-288F-4844-AF89-B61F51D64700}.Debug|x64.Build.0 = Debug|Any CPU
		{9CCEEB9D-288F-4844-AF89-B61F51D64700}.Debug|x86.ActiveCfg = Debug|Any CPU
		{9CCEEB9D-288F-4844-AF89-B61F51D64700}.Debug|x86.Build.0 = Debug|Any CPU
		{9CCEEB9D-288F-4844-AF89-B61F51D64700}.Release|Any CPU.ActiveCfg = Release|Any CPU
		{9CCEEB9D-288F-4844-AF89-B61F51D64700}.Release|Any CPU.Build.0 = Release|Any CPU
		{9CCEEB9D-288F-4844-AF89-B61F51D64700}.Release|x64.ActiveCfg = Release|Any CPU
		{9CCEEB9D-288F-4844-AF89-B61F51D64700}.Release|x64.Build.0 = Release|Any CPU
		{9CCEEB9D-288F-4844-AF89-B61F51D64700}.Release|x86.ActiveCfg = Release|Any CPU
		{9CCEEB9D-288F-4844-AF89-B61F51D64700}.Release|x86.Build.0 = Release|Any CPU
		{4BA1B310-F7BD-4A87-AE73-0DC789C9E503}.Debug|Any CPU.ActiveCfg = Debug|Any CPU
		{4BA1B310-F7BD-4A87-AE73-0DC789C9E503}.Debug|Any CPU.Build.0 = Debug|Any CPU
		{4BA1B310-F7BD-4A87-AE73-0DC789C9E503}.Debug|x64.ActiveCfg = Debug|Any CPU
		{4BA1B310-F7BD-4A87-AE73-0DC789C9E503}.Debug|x64.Build.0 = Debug|Any CPU
		{4BA1B310-F7BD-4A87-AE73-0DC789C9E503}.Debug|x86.ActiveCfg = Debug|Any CPU
		{4BA1B310-F7BD-4A87-AE73-0DC789C9E503}.Debug|x86.Build.0 = Debug|Any CPU
		{4BA1B310-F7BD-4A87-AE73-0DC789C9E503}.Release|Any CPU.ActiveCfg = Release|Any CPU
		{4BA1B310-F7BD-4A87-AE73-0DC789C9E503}.Release|Any CPU.Build.0 = Release|Any CPU
		{4BA1B310-F7BD-4A87-AE73-0DC789C9E503}.Release|x64.ActiveCfg = Release|Any CPU
		{4BA1B310-F7BD-4A87-AE73-0DC789C9E503}.Release|x64.Build.0 = Release|Any CPU
		{4BA1B310-F7BD-4A87-AE73-0DC789C9E503}.Release|x86.ActiveCfg = Release|Any CPU
		{4BA1B310-F7BD-4A87-AE73-0DC789C9E503}.Release|x86.Build.0 = Release|Any CPU
		{344FD6E5-D95C-4BCD-92C9-03E08FFF5D64}.Debug|Any CPU.ActiveCfg = Debug|Any CPU
		{344FD6E5-D95C-4BCD-92C9-03E08FFF5D64}.Debug|Any CPU.Build.0 = Debug|Any CPU
		{344FD6E5-D95C-4BCD-92C9-03E08FFF5D64}.Debug|x64.ActiveCfg = Debug|Any CPU
		{344FD6E5-D95C-4BCD-92C9-03E08FFF5D64}.Debug|x64.Build.0 = Debug|Any CPU
		{344FD6E5-D95C-4BCD-92C9-03E08FFF5D64}.Debug|x86.ActiveCfg = Debug|Any CPU
		{344FD6E5-D95C-4BCD-92C9-03E08FFF5D64}.Debug|x86.Build.0 = Debug|Any CPU
		{344FD6E5-D95C-4BCD-92C9-03E08FFF5D64}.Release|Any CPU.ActiveCfg = Release|Any CPU
		{344FD6E5-D95C-4BCD-92C9-03E08FFF5D64}.Release|Any CPU.Build.0 = Release|Any CPU
		{344FD6E5-D95C-4BCD-92C9-03E08FFF5D64}.Release|x64.ActiveCfg = Release|Any CPU
		{344FD6E5-D95C-4BCD-92C9-03E08FFF5D64}.Release|x64.Build.0 = Release|Any CPU
		{344FD6E5-D95C-4BCD-92C9-03E08FFF5D64}.Release|x86.ActiveCfg = Release|Any CPU
		{344FD6E5-D95C-4BCD-92C9-03E08FFF5D64}.Release|x86.Build.0 = Release|Any CPU
		{35606C3F-1A57-4F4A-ABEE-638AEED23DBB}.Debug|Any CPU.ActiveCfg = Debug|Any CPU
		{35606C3F-1A57-4F4A-ABEE-638AEED23DBB}.Debug|Any CPU.Build.0 = Debug|Any CPU
		{35606C3F-1A57-4F4A-ABEE-638AEED23DBB}.Debug|x64.ActiveCfg = Debug|Any CPU
		{35606C3F-1A57-4F4A-ABEE-638AEED23DBB}.Debug|x64.Build.0 = Debug|Any CPU
		{35606C3F-1A57-4F4A-ABEE-638AEED23DBB}.Debug|x86.ActiveCfg = Debug|Any CPU
		{35606C3F-1A57-4F4A-ABEE-638AEED23DBB}.Debug|x86.Build.0 = Debug|Any CPU
		{35606C3F-1A57-4F4A-ABEE-638AEED23DBB}.Release|Any CPU.ActiveCfg = Release|Any CPU
		{35606C3F-1A57-4F4A-ABEE-638AEED23DBB}.Release|Any CPU.Build.0 = Release|Any CPU
		{35606C3F-1A57-4F4A-ABEE-638AEED23DBB}.Release|x64.ActiveCfg = Release|Any CPU
		{35606C3F-1A57-4F4A-ABEE-638AEED23DBB}.Release|x64.Build.0 = Release|Any CPU
		{35606C3F-1A57-4F4A-ABEE-638AEED23DBB}.Release|x86.ActiveCfg = Release|Any CPU
		{35606C3F-1A57-4F4A-ABEE-638AEED23DBB}.Release|x86.Build.0 = Release|Any CPU
		{5F1375A0-82E0-4A00-A163-A17E93EFE26B}.Debug|Any CPU.ActiveCfg = Debug|Any CPU
		{5F1375A0-82E0-4A00-A163-A17E93EFE26B}.Debug|Any CPU.Build.0 = Debug|Any CPU
		{5F1375A0-82E0-4A00-A163-A17E93EFE26B}.Debug|x64.ActiveCfg = Debug|Any CPU
		{5F1375A0-82E0-4A00-A163-A17E93EFE26B}.Debug|x64.Build.0 = Debug|Any CPU
		{5F1375A0-82E0-4A00-A163-A17E93EFE26B}.Debug|x86.ActiveCfg = Debug|Any CPU
		{5F1375A0-82E0-4A00-A163-A17E93EFE26B}.Debug|x86.Build.0 = Debug|Any CPU
		{5F1375A0-82E0-4A00-A163-A17E93EFE26B}.Release|Any CPU.ActiveCfg = Release|Any CPU
		{5F1375A0-82E0-4A00-A163-A17E93EFE26B}.Release|Any CPU.Build.0 = Release|Any CPU
		{5F1375A0-82E0-4A00-A163-A17E93EFE26B}.Release|x64.ActiveCfg = Release|Any CPU
		{5F1375A0-82E0-4A00-A163-A17E93EFE26B}.Release|x64.Build.0 = Release|Any CPU
		{5F1375A0-82E0-4A00-A163-A17E93EFE26B}.Release|x86.ActiveCfg = Release|Any CPU
		{5F1375A0-82E0-4A00-A163-A17E93EFE26B}.Release|x86.Build.0 = Release|Any CPU
		{4F947AD0-8085-495E-A9AC-86679F8F747C}.Debug|Any CPU.ActiveCfg = Debug|Any CPU
		{4F947AD0-8085-495E-A9AC-86679F8F747C}.Debug|Any CPU.Build.0 = Debug|Any CPU
		{4F947AD0-8085-495E-A9AC-86679F8F747C}.Debug|x64.ActiveCfg = Debug|Any CPU
		{4F947AD0-8085-495E-A9AC-86679F8F747C}.Debug|x64.Build.0 = Debug|Any CPU
		{4F947AD0-8085-495E-A9AC-86679F8F747C}.Debug|x86.ActiveCfg = Debug|Any CPU
		{4F947AD0-8085-495E-A9AC-86679F8F747C}.Debug|x86.Build.0 = Debug|Any CPU
		{4F947AD0-8085-495E-A9AC-86679F8F747C}.Release|Any CPU.ActiveCfg = Release|Any CPU
		{4F947AD0-8085-495E-A9AC-86679F8F747C}.Release|Any CPU.Build.0 = Release|Any CPU
		{4F947AD0-8085-495E-A9AC-86679F8F747C}.Release|x64.ActiveCfg = Release|Any CPU
		{4F947AD0-8085-495E-A9AC-86679F8F747C}.Release|x64.Build.0 = Release|Any CPU
		{4F947AD0-8085-495E-A9AC-86679F8F747C}.Release|x86.ActiveCfg = Release|Any CPU
		{4F947AD0-8085-495E-A9AC-86679F8F747C}.Release|x86.Build.0 = Release|Any CPU
		{354AF201-94DF-4B29-81E4-D0CC0F0E8C74}.Debug|Any CPU.ActiveCfg = Debug|Any CPU
		{354AF201-94DF-4B29-81E4-D0CC0F0E8C74}.Debug|Any CPU.Build.0 = Debug|Any CPU
		{354AF201-94DF-4B29-81E4-D0CC0F0E8C74}.Debug|x64.ActiveCfg = Debug|Any CPU
		{354AF201-94DF-4B29-81E4-D0CC0F0E8C74}.Debug|x64.Build.0 = Debug|Any CPU
		{354AF201-94DF-4B29-81E4-D0CC0F0E8C74}.Debug|x86.ActiveCfg = Debug|Any CPU
		{354AF201-94DF-4B29-81E4-D0CC0F0E8C74}.Debug|x86.Build.0 = Debug|Any CPU
		{354AF201-94DF-4B29-81E4-D0CC0F0E8C74}.Release|Any CPU.ActiveCfg = Release|Any CPU
		{354AF201-94DF-4B29-81E4-D0CC0F0E8C74}.Release|Any CPU.Build.0 = Release|Any CPU
		{354AF201-94DF-4B29-81E4-D0CC0F0E8C74}.Release|x64.ActiveCfg = Release|Any CPU
		{354AF201-94DF-4B29-81E4-D0CC0F0E8C74}.Release|x64.Build.0 = Release|Any CPU
		{354AF201-94DF-4B29-81E4-D0CC0F0E8C74}.Release|x86.ActiveCfg = Release|Any CPU
		{354AF201-94DF-4B29-81E4-D0CC0F0E8C74}.Release|x86.Build.0 = Release|Any CPU
		{C1EC8A4F-ADF0-4162-BEC7-B4222494CC19}.Debug|Any CPU.ActiveCfg = Debug|Any CPU
		{C1EC8A4F-ADF0-4162-BEC7-B4222494CC19}.Debug|Any CPU.Build.0 = Debug|Any CPU
		{C1EC8A4F-ADF0-4162-BEC7-B4222494CC19}.Debug|Any CPU.Deploy.0 = Debug|Any CPU
		{C1EC8A4F-ADF0-4162-BEC7-B4222494CC19}.Debug|x64.ActiveCfg = Debug|Any CPU
		{C1EC8A4F-ADF0-4162-BEC7-B4222494CC19}.Debug|x64.Build.0 = Debug|Any CPU
		{C1EC8A4F-ADF0-4162-BEC7-B4222494CC19}.Debug|x86.ActiveCfg = Debug|Any CPU
		{C1EC8A4F-ADF0-4162-BEC7-B4222494CC19}.Debug|x86.Build.0 = Debug|Any CPU
		{C1EC8A4F-ADF0-4162-BEC7-B4222494CC19}.Release|Any CPU.ActiveCfg = Release|Any CPU
		{C1EC8A4F-ADF0-4162-BEC7-B4222494CC19}.Release|Any CPU.Build.0 = Release|Any CPU
		{C1EC8A4F-ADF0-4162-BEC7-B4222494CC19}.Release|Any CPU.Deploy.0 = Release|Any CPU
		{C1EC8A4F-ADF0-4162-BEC7-B4222494CC19}.Release|x64.ActiveCfg = Release|Any CPU
		{C1EC8A4F-ADF0-4162-BEC7-B4222494CC19}.Release|x64.Build.0 = Release|Any CPU
		{C1EC8A4F-ADF0-4162-BEC7-B4222494CC19}.Release|x86.ActiveCfg = Release|Any CPU
		{C1EC8A4F-ADF0-4162-BEC7-B4222494CC19}.Release|x86.Build.0 = Release|Any CPU
		{1646F319-0CAD-4876-B373-36EBC511EE65}.Debug|Any CPU.ActiveCfg = Debug|Any CPU
		{1646F319-0CAD-4876-B373-36EBC511EE65}.Debug|Any CPU.Build.0 = Debug|Any CPU
		{1646F319-0CAD-4876-B373-36EBC511EE65}.Debug|x64.ActiveCfg = Debug|Any CPU
		{1646F319-0CAD-4876-B373-36EBC511EE65}.Debug|x64.Build.0 = Debug|Any CPU
		{1646F319-0CAD-4876-B373-36EBC511EE65}.Debug|x86.ActiveCfg = Debug|Any CPU
		{1646F319-0CAD-4876-B373-36EBC511EE65}.Debug|x86.Build.0 = Debug|Any CPU
		{1646F319-0CAD-4876-B373-36EBC511EE65}.Release|Any CPU.ActiveCfg = Release|Any CPU
		{1646F319-0CAD-4876-B373-36EBC511EE65}.Release|Any CPU.Build.0 = Release|Any CPU
		{1646F319-0CAD-4876-B373-36EBC511EE65}.Release|x64.ActiveCfg = Release|Any CPU
		{1646F319-0CAD-4876-B373-36EBC511EE65}.Release|x64.Build.0 = Release|Any CPU
		{1646F319-0CAD-4876-B373-36EBC511EE65}.Release|x86.ActiveCfg = Release|Any CPU
		{1646F319-0CAD-4876-B373-36EBC511EE65}.Release|x86.Build.0 = Release|Any CPU
		{4D474ADB-0A7C-4330-8756-DC6465A19D03}.Debug|Any CPU.ActiveCfg = Debug|Any CPU
		{4D474ADB-0A7C-4330-8756-DC6465A19D03}.Debug|Any CPU.Build.0 = Debug|Any CPU
		{4D474ADB-0A7C-4330-8756-DC6465A19D03}.Debug|x64.ActiveCfg = Debug|Any CPU
		{4D474ADB-0A7C-4330-8756-DC6465A19D03}.Debug|x64.Build.0 = Debug|Any CPU
		{4D474ADB-0A7C-4330-8756-DC6465A19D03}.Debug|x86.ActiveCfg = Debug|Any CPU
		{4D474ADB-0A7C-4330-8756-DC6465A19D03}.Debug|x86.Build.0 = Debug|Any CPU
		{4D474ADB-0A7C-4330-8756-DC6465A19D03}.Release|Any CPU.ActiveCfg = Release|Any CPU
		{4D474ADB-0A7C-4330-8756-DC6465A19D03}.Release|Any CPU.Build.0 = Release|Any CPU
		{4D474ADB-0A7C-4330-8756-DC6465A19D03}.Release|x64.ActiveCfg = Release|Any CPU
		{4D474ADB-0A7C-4330-8756-DC6465A19D03}.Release|x64.Build.0 = Release|Any CPU
		{4D474ADB-0A7C-4330-8756-DC6465A19D03}.Release|x86.ActiveCfg = Release|Any CPU
		{4D474ADB-0A7C-4330-8756-DC6465A19D03}.Release|x86.Build.0 = Release|Any CPU
		{7600F7DF-9F96-4BEE-8BD8-16C93E744E7A}.Debug|Any CPU.ActiveCfg = Debug|Any CPU
		{7600F7DF-9F96-4BEE-8BD8-16C93E744E7A}.Debug|Any CPU.Build.0 = Debug|Any CPU
		{7600F7DF-9F96-4BEE-8BD8-16C93E744E7A}.Debug|x64.ActiveCfg = Debug|Any CPU
		{7600F7DF-9F96-4BEE-8BD8-16C93E744E7A}.Debug|x64.Build.0 = Debug|Any CPU
		{7600F7DF-9F96-4BEE-8BD8-16C93E744E7A}.Debug|x86.ActiveCfg = Debug|Any CPU
		{7600F7DF-9F96-4BEE-8BD8-16C93E744E7A}.Debug|x86.Build.0 = Debug|Any CPU
		{7600F7DF-9F96-4BEE-8BD8-16C93E744E7A}.Release|Any CPU.ActiveCfg = Release|Any CPU
		{7600F7DF-9F96-4BEE-8BD8-16C93E744E7A}.Release|Any CPU.Build.0 = Release|Any CPU
		{7600F7DF-9F96-4BEE-8BD8-16C93E744E7A}.Release|x64.ActiveCfg = Release|Any CPU
		{7600F7DF-9F96-4BEE-8BD8-16C93E744E7A}.Release|x64.Build.0 = Release|Any CPU
		{7600F7DF-9F96-4BEE-8BD8-16C93E744E7A}.Release|x86.ActiveCfg = Release|Any CPU
		{7600F7DF-9F96-4BEE-8BD8-16C93E744E7A}.Release|x86.Build.0 = Release|Any CPU
		{0904E91A-BF54-4683-BB6D-CA082175254D}.Debug|Any CPU.ActiveCfg = Debug|Any CPU
		{0904E91A-BF54-4683-BB6D-CA082175254D}.Debug|Any CPU.Build.0 = Debug|Any CPU
		{0904E91A-BF54-4683-BB6D-CA082175254D}.Debug|x64.ActiveCfg = Debug|Any CPU
		{0904E91A-BF54-4683-BB6D-CA082175254D}.Debug|x64.Build.0 = Debug|Any CPU
		{0904E91A-BF54-4683-BB6D-CA082175254D}.Debug|x86.ActiveCfg = Debug|Any CPU
		{0904E91A-BF54-4683-BB6D-CA082175254D}.Debug|x86.Build.0 = Debug|Any CPU
		{0904E91A-BF54-4683-BB6D-CA082175254D}.Release|Any CPU.ActiveCfg = Release|Any CPU
		{0904E91A-BF54-4683-BB6D-CA082175254D}.Release|Any CPU.Build.0 = Release|Any CPU
		{0904E91A-BF54-4683-BB6D-CA082175254D}.Release|x64.ActiveCfg = Release|Any CPU
		{0904E91A-BF54-4683-BB6D-CA082175254D}.Release|x64.Build.0 = Release|Any CPU
		{0904E91A-BF54-4683-BB6D-CA082175254D}.Release|x86.ActiveCfg = Release|Any CPU
		{0904E91A-BF54-4683-BB6D-CA082175254D}.Release|x86.Build.0 = Release|Any CPU
		{6AD6262C-CC0A-4AF0-809A-2647A70A6076}.Debug|Any CPU.ActiveCfg = Debug|Any CPU
		{6AD6262C-CC0A-4AF0-809A-2647A70A6076}.Debug|Any CPU.Build.0 = Debug|Any CPU
		{6AD6262C-CC0A-4AF0-809A-2647A70A6076}.Debug|x64.ActiveCfg = Debug|Any CPU
		{6AD6262C-CC0A-4AF0-809A-2647A70A6076}.Debug|x64.Build.0 = Debug|Any CPU
		{6AD6262C-CC0A-4AF0-809A-2647A70A6076}.Debug|x86.ActiveCfg = Debug|Any CPU
		{6AD6262C-CC0A-4AF0-809A-2647A70A6076}.Debug|x86.Build.0 = Debug|Any CPU
		{6AD6262C-CC0A-4AF0-809A-2647A70A6076}.Release|Any CPU.ActiveCfg = Release|Any CPU
		{6AD6262C-CC0A-4AF0-809A-2647A70A6076}.Release|Any CPU.Build.0 = Release|Any CPU
		{6AD6262C-CC0A-4AF0-809A-2647A70A6076}.Release|x64.ActiveCfg = Release|Any CPU
		{6AD6262C-CC0A-4AF0-809A-2647A70A6076}.Release|x64.Build.0 = Release|Any CPU
		{6AD6262C-CC0A-4AF0-809A-2647A70A6076}.Release|x86.ActiveCfg = Release|Any CPU
		{6AD6262C-CC0A-4AF0-809A-2647A70A6076}.Release|x86.Build.0 = Release|Any CPU
		{C5B445BC-A442-4186-B83B-2633787A7444}.Debug|Any CPU.ActiveCfg = Debug|Any CPU
		{C5B445BC-A442-4186-B83B-2633787A7444}.Debug|Any CPU.Build.0 = Debug|Any CPU
		{C5B445BC-A442-4186-B83B-2633787A7444}.Debug|x64.ActiveCfg = Debug|Any CPU
		{C5B445BC-A442-4186-B83B-2633787A7444}.Debug|x64.Build.0 = Debug|Any CPU
		{C5B445BC-A442-4186-B83B-2633787A7444}.Debug|x86.ActiveCfg = Debug|Any CPU
		{C5B445BC-A442-4186-B83B-2633787A7444}.Debug|x86.Build.0 = Debug|Any CPU
		{C5B445BC-A442-4186-B83B-2633787A7444}.Release|Any CPU.ActiveCfg = Release|Any CPU
		{C5B445BC-A442-4186-B83B-2633787A7444}.Release|Any CPU.Build.0 = Release|Any CPU
		{C5B445BC-A442-4186-B83B-2633787A7444}.Release|x64.ActiveCfg = Release|Any CPU
		{C5B445BC-A442-4186-B83B-2633787A7444}.Release|x64.Build.0 = Release|Any CPU
		{C5B445BC-A442-4186-B83B-2633787A7444}.Release|x86.ActiveCfg = Release|Any CPU
		{C5B445BC-A442-4186-B83B-2633787A7444}.Release|x86.Build.0 = Release|Any CPU
		{B89426C1-7EBA-436A-AD78-DFCF57D294F1}.Debug|Any CPU.ActiveCfg = Debug|Any CPU
		{B89426C1-7EBA-436A-AD78-DFCF57D294F1}.Debug|Any CPU.Build.0 = Debug|Any CPU
		{B89426C1-7EBA-436A-AD78-DFCF57D294F1}.Debug|x64.ActiveCfg = Debug|Any CPU
		{B89426C1-7EBA-436A-AD78-DFCF57D294F1}.Debug|x64.Build.0 = Debug|Any CPU
		{B89426C1-7EBA-436A-AD78-DFCF57D294F1}.Debug|x86.ActiveCfg = Debug|Any CPU
		{B89426C1-7EBA-436A-AD78-DFCF57D294F1}.Debug|x86.Build.0 = Debug|Any CPU
		{B89426C1-7EBA-436A-AD78-DFCF57D294F1}.Release|Any CPU.ActiveCfg = Release|Any CPU
		{B89426C1-7EBA-436A-AD78-DFCF57D294F1}.Release|Any CPU.Build.0 = Release|Any CPU
		{B89426C1-7EBA-436A-AD78-DFCF57D294F1}.Release|x64.ActiveCfg = Release|Any CPU
		{B89426C1-7EBA-436A-AD78-DFCF57D294F1}.Release|x64.Build.0 = Release|Any CPU
		{B89426C1-7EBA-436A-AD78-DFCF57D294F1}.Release|x86.ActiveCfg = Release|Any CPU
		{B89426C1-7EBA-436A-AD78-DFCF57D294F1}.Release|x86.Build.0 = Release|Any CPU
		{659437F5-EC9C-4B49-8AD3-A085A653DA03}.Debug|Any CPU.ActiveCfg = Debug|Any CPU
		{659437F5-EC9C-4B49-8AD3-A085A653DA03}.Debug|Any CPU.Build.0 = Debug|Any CPU
		{659437F5-EC9C-4B49-8AD3-A085A653DA03}.Debug|x64.ActiveCfg = Debug|Any CPU
		{659437F5-EC9C-4B49-8AD3-A085A653DA03}.Debug|x64.Build.0 = Debug|Any CPU
		{659437F5-EC9C-4B49-8AD3-A085A653DA03}.Debug|x86.ActiveCfg = Debug|Any CPU
		{659437F5-EC9C-4B49-8AD3-A085A653DA03}.Debug|x86.Build.0 = Debug|Any CPU
		{659437F5-EC9C-4B49-8AD3-A085A653DA03}.Release|Any CPU.ActiveCfg = Release|Any CPU
		{659437F5-EC9C-4B49-8AD3-A085A653DA03}.Release|Any CPU.Build.0 = Release|Any CPU
		{659437F5-EC9C-4B49-8AD3-A085A653DA03}.Release|x64.ActiveCfg = Release|Any CPU
		{659437F5-EC9C-4B49-8AD3-A085A653DA03}.Release|x64.Build.0 = Release|Any CPU
		{659437F5-EC9C-4B49-8AD3-A085A653DA03}.Release|x86.ActiveCfg = Release|Any CPU
		{659437F5-EC9C-4B49-8AD3-A085A653DA03}.Release|x86.Build.0 = Release|Any CPU
		{425E9E8E-1590-4B32-995F-AC877740D26D}.Debug|Any CPU.ActiveCfg = Debug|Any CPU
		{425E9E8E-1590-4B32-995F-AC877740D26D}.Debug|Any CPU.Build.0 = Debug|Any CPU
		{425E9E8E-1590-4B32-995F-AC877740D26D}.Debug|x64.ActiveCfg = Debug|Any CPU
		{425E9E8E-1590-4B32-995F-AC877740D26D}.Debug|x64.Build.0 = Debug|Any CPU
		{425E9E8E-1590-4B32-995F-AC877740D26D}.Debug|x86.ActiveCfg = Debug|Any CPU
		{425E9E8E-1590-4B32-995F-AC877740D26D}.Debug|x86.Build.0 = Debug|Any CPU
		{425E9E8E-1590-4B32-995F-AC877740D26D}.Release|Any CPU.ActiveCfg = Release|Any CPU
		{425E9E8E-1590-4B32-995F-AC877740D26D}.Release|Any CPU.Build.0 = Release|Any CPU
		{425E9E8E-1590-4B32-995F-AC877740D26D}.Release|x64.ActiveCfg = Release|Any CPU
		{425E9E8E-1590-4B32-995F-AC877740D26D}.Release|x64.Build.0 = Release|Any CPU
		{425E9E8E-1590-4B32-995F-AC877740D26D}.Release|x86.ActiveCfg = Release|Any CPU
		{425E9E8E-1590-4B32-995F-AC877740D26D}.Release|x86.Build.0 = Release|Any CPU
		{44D33606-A659-49F8-A3AC-5A087335E2C7}.Debug|Any CPU.ActiveCfg = Debug|Any CPU
		{44D33606-A659-49F8-A3AC-5A087335E2C7}.Debug|Any CPU.Build.0 = Debug|Any CPU
		{44D33606-A659-49F8-A3AC-5A087335E2C7}.Debug|x64.ActiveCfg = Debug|Any CPU
		{44D33606-A659-49F8-A3AC-5A087335E2C7}.Debug|x64.Build.0 = Debug|Any CPU
		{44D33606-A659-49F8-A3AC-5A087335E2C7}.Debug|x86.ActiveCfg = Debug|Any CPU
		{44D33606-A659-49F8-A3AC-5A087335E2C7}.Debug|x86.Build.0 = Debug|Any CPU
		{44D33606-A659-49F8-A3AC-5A087335E2C7}.Release|Any CPU.ActiveCfg = Release|Any CPU
		{44D33606-A659-49F8-A3AC-5A087335E2C7}.Release|Any CPU.Build.0 = Release|Any CPU
		{44D33606-A659-49F8-A3AC-5A087335E2C7}.Release|x64.ActiveCfg = Release|Any CPU
		{44D33606-A659-49F8-A3AC-5A087335E2C7}.Release|x64.Build.0 = Release|Any CPU
		{44D33606-A659-49F8-A3AC-5A087335E2C7}.Release|x86.ActiveCfg = Release|Any CPU
		{44D33606-A659-49F8-A3AC-5A087335E2C7}.Release|x86.Build.0 = Release|Any CPU
		{5215C7A4-9B5F-4D39-8C2B-3DB43630AC99}.Debug|Any CPU.ActiveCfg = Debug|Any CPU
		{5215C7A4-9B5F-4D39-8C2B-3DB43630AC99}.Debug|Any CPU.Build.0 = Debug|Any CPU
		{5215C7A4-9B5F-4D39-8C2B-3DB43630AC99}.Debug|x64.ActiveCfg = Debug|Any CPU
		{5215C7A4-9B5F-4D39-8C2B-3DB43630AC99}.Debug|x64.Build.0 = Debug|Any CPU
		{5215C7A4-9B5F-4D39-8C2B-3DB43630AC99}.Debug|x86.ActiveCfg = Debug|Any CPU
		{5215C7A4-9B5F-4D39-8C2B-3DB43630AC99}.Debug|x86.Build.0 = Debug|Any CPU
		{5215C7A4-9B5F-4D39-8C2B-3DB43630AC99}.Release|Any CPU.ActiveCfg = Release|Any CPU
		{5215C7A4-9B5F-4D39-8C2B-3DB43630AC99}.Release|Any CPU.Build.0 = Release|Any CPU
		{5215C7A4-9B5F-4D39-8C2B-3DB43630AC99}.Release|x64.ActiveCfg = Release|Any CPU
		{5215C7A4-9B5F-4D39-8C2B-3DB43630AC99}.Release|x64.Build.0 = Release|Any CPU
		{5215C7A4-9B5F-4D39-8C2B-3DB43630AC99}.Release|x86.ActiveCfg = Release|Any CPU
		{5215C7A4-9B5F-4D39-8C2B-3DB43630AC99}.Release|x86.Build.0 = Release|Any CPU
		{95059C78-0ED4-4B2E-8054-BD0F8C0D6831}.Debug|Any CPU.ActiveCfg = Debug|Any CPU
		{95059C78-0ED4-4B2E-8054-BD0F8C0D6831}.Debug|Any CPU.Build.0 = Debug|Any CPU
		{95059C78-0ED4-4B2E-8054-BD0F8C0D6831}.Debug|x64.ActiveCfg = Debug|Any CPU
		{95059C78-0ED4-4B2E-8054-BD0F8C0D6831}.Debug|x64.Build.0 = Debug|Any CPU
		{95059C78-0ED4-4B2E-8054-BD0F8C0D6831}.Debug|x86.ActiveCfg = Debug|Any CPU
		{95059C78-0ED4-4B2E-8054-BD0F8C0D6831}.Debug|x86.Build.0 = Debug|Any CPU
		{95059C78-0ED4-4B2E-8054-BD0F8C0D6831}.Release|Any CPU.ActiveCfg = Release|Any CPU
		{95059C78-0ED4-4B2E-8054-BD0F8C0D6831}.Release|Any CPU.Build.0 = Release|Any CPU
		{95059C78-0ED4-4B2E-8054-BD0F8C0D6831}.Release|x64.ActiveCfg = Release|Any CPU
		{95059C78-0ED4-4B2E-8054-BD0F8C0D6831}.Release|x64.Build.0 = Release|Any CPU
		{95059C78-0ED4-4B2E-8054-BD0F8C0D6831}.Release|x86.ActiveCfg = Release|Any CPU
		{95059C78-0ED4-4B2E-8054-BD0F8C0D6831}.Release|x86.Build.0 = Release|Any CPU
		{A9D9B3F9-500E-4A88-B5F4-48370F054933}.Debug|Any CPU.ActiveCfg = Debug|Any CPU
		{A9D9B3F9-500E-4A88-B5F4-48370F054933}.Debug|Any CPU.Build.0 = Debug|Any CPU
		{A9D9B3F9-500E-4A88-B5F4-48370F054933}.Debug|x64.ActiveCfg = Debug|Any CPU
		{A9D9B3F9-500E-4A88-B5F4-48370F054933}.Debug|x64.Build.0 = Debug|Any CPU
		{A9D9B3F9-500E-4A88-B5F4-48370F054933}.Debug|x86.ActiveCfg = Debug|Any CPU
		{A9D9B3F9-500E-4A88-B5F4-48370F054933}.Debug|x86.Build.0 = Debug|Any CPU
		{A9D9B3F9-500E-4A88-B5F4-48370F054933}.Release|Any CPU.ActiveCfg = Release|Any CPU
		{A9D9B3F9-500E-4A88-B5F4-48370F054933}.Release|Any CPU.Build.0 = Release|Any CPU
		{A9D9B3F9-500E-4A88-B5F4-48370F054933}.Release|x64.ActiveCfg = Release|Any CPU
		{A9D9B3F9-500E-4A88-B5F4-48370F054933}.Release|x64.Build.0 = Release|Any CPU
		{A9D9B3F9-500E-4A88-B5F4-48370F054933}.Release|x86.ActiveCfg = Release|Any CPU
		{A9D9B3F9-500E-4A88-B5F4-48370F054933}.Release|x86.Build.0 = Release|Any CPU
		{FEDDC152-A565-4D93-A2C2-C84F4AD7120E}.Debug|Any CPU.ActiveCfg = Debug|Any CPU
		{FEDDC152-A565-4D93-A2C2-C84F4AD7120E}.Debug|Any CPU.Build.0 = Debug|Any CPU
		{FEDDC152-A565-4D93-A2C2-C84F4AD7120E}.Debug|x64.ActiveCfg = Debug|Any CPU
		{FEDDC152-A565-4D93-A2C2-C84F4AD7120E}.Debug|x64.Build.0 = Debug|Any CPU
		{FEDDC152-A565-4D93-A2C2-C84F4AD7120E}.Debug|x86.ActiveCfg = Debug|Any CPU
		{FEDDC152-A565-4D93-A2C2-C84F4AD7120E}.Debug|x86.Build.0 = Debug|Any CPU
		{FEDDC152-A565-4D93-A2C2-C84F4AD7120E}.Release|Any CPU.ActiveCfg = Release|Any CPU
		{FEDDC152-A565-4D93-A2C2-C84F4AD7120E}.Release|Any CPU.Build.0 = Release|Any CPU
		{FEDDC152-A565-4D93-A2C2-C84F4AD7120E}.Release|x64.ActiveCfg = Release|Any CPU
		{FEDDC152-A565-4D93-A2C2-C84F4AD7120E}.Release|x64.Build.0 = Release|Any CPU
		{FEDDC152-A565-4D93-A2C2-C84F4AD7120E}.Release|x86.ActiveCfg = Release|Any CPU
		{FEDDC152-A565-4D93-A2C2-C84F4AD7120E}.Release|x86.Build.0 = Release|Any CPU
	EndGlobalSection
	GlobalSection(SolutionProperties) = preSolution
		HideSolutionNode = FALSE
	EndGlobalSection
	GlobalSection(NestedProjects) = preSolution
		{E041BF8A-FBC4-4BFD-85C6-5A96C480495A} = {CD3FFB21-3624-4207-A3CA-AE4F8FE81AD3}
		{CFB89B70-E4FC-49FB-8905-0E71FB2FB047} = {CD3FFB21-3624-4207-A3CA-AE4F8FE81AD3}
		{9CCEEB9D-288F-4844-AF89-B61F51D64700} = {CD3FFB21-3624-4207-A3CA-AE4F8FE81AD3}
		{4BA1B310-F7BD-4A87-AE73-0DC789C9E503} = {CD3FFB21-3624-4207-A3CA-AE4F8FE81AD3}
		{344FD6E5-D95C-4BCD-92C9-03E08FFF5D64} = {CD3FFB21-3624-4207-A3CA-AE4F8FE81AD3}
		{35606C3F-1A57-4F4A-ABEE-638AEED23DBB} = {CD3FFB21-3624-4207-A3CA-AE4F8FE81AD3}
		{5F1375A0-82E0-4A00-A163-A17E93EFE26B} = {E041BF8A-FBC4-4BFD-85C6-5A96C480495A}
		{4F947AD0-8085-495E-A9AC-86679F8F747C} = {E041BF8A-FBC4-4BFD-85C6-5A96C480495A}
		{354AF201-94DF-4B29-81E4-D0CC0F0E8C74} = {E041BF8A-FBC4-4BFD-85C6-5A96C480495A}
		{C1EC8A4F-ADF0-4162-BEC7-B4222494CC19} = {B09D6F6C-8EE4-492A-8042-414AA634696D}
		{1646F319-0CAD-4876-B373-36EBC511EE65} = {B09D6F6C-8EE4-492A-8042-414AA634696D}
		{4D474ADB-0A7C-4330-8756-DC6465A19D03} = {B09D6F6C-8EE4-492A-8042-414AA634696D}
		{7600F7DF-9F96-4BEE-8BD8-16C93E744E7A} = {CD3FFB21-3624-4207-A3CA-AE4F8FE81AD3}
		{0904E91A-BF54-4683-BB6D-CA082175254D} = {B09D6F6C-8EE4-492A-8042-414AA634696D}
		{6AD6262C-CC0A-4AF0-809A-2647A70A6076} = {B09D6F6C-8EE4-492A-8042-414AA634696D}
		{C5B445BC-A442-4186-B83B-2633787A7444} = {CD3FFB21-3624-4207-A3CA-AE4F8FE81AD3}
		{B89426C1-7EBA-436A-AD78-DFCF57D294F1} = {B09D6F6C-8EE4-492A-8042-414AA634696D}
		{659437F5-EC9C-4B49-8AD3-A085A653DA03} = {E041BF8A-FBC4-4BFD-85C6-5A96C480495A}
		{425E9E8E-1590-4B32-995F-AC877740D26D} = {CD3FFB21-3624-4207-A3CA-AE4F8FE81AD3}
		{44D33606-A659-49F8-A3AC-5A087335E2C7} = {B09D6F6C-8EE4-492A-8042-414AA634696D}
		{5215C7A4-9B5F-4D39-8C2B-3DB43630AC99} = {B09D6F6C-8EE4-492A-8042-414AA634696D}
		{95059C78-0ED4-4B2E-8054-BD0F8C0D6831} = {956EE22A-8968-4EC5-89DD-3A4BD059A957}
		{A9D9B3F9-500E-4A88-B5F4-48370F054933} = {956EE22A-8968-4EC5-89DD-3A4BD059A957}
		{FEDDC152-A565-4D93-A2C2-C84F4AD7120E} = {A4F9558F-054D-AE43-1F33-5DAB47E3F397}
	EndGlobalSection
	GlobalSection(ExtensibilityGlobals) = postSolution
		SolutionGuid = {6C4B5F4E-B197-493D-B69D-6079DCA995B7}
	EndGlobalSection
EndGlobal
